
Microsoft Visual Studio Solution File, Format Version 12.00
# Visual Studio Version 17
VisualStudioVersion = 17.11.35327.3
MinimumVisualStudioVersion = 10.0.40219.1
Project("{FAE04EC0-301F-11D3-BF4B-00C04F79EFBC}") = "AuthJwtBearer", "AuthJwtBearer\AuthJwtBearer.csproj", "{BB1AFC22-73FC-42DE-85F1-87412EEF059D}"
EndProject
Global
	GlobalSection(SolutionConfigurationPlatforms) = preSolution
		Debug|Any CPU = Debug|Any CPU
		Release|Any CPU = Release|Any CPU
	EndGlobalSection
	GlobalSection(ProjectConfigurationPlatforms) = postSolution
		{BB1AFC22-73FC-42DE-85F1-87412EEF059D}.Debug|Any CPU.ActiveCfg = Debug|Any CPU
		{BB1AFC22-73FC-42DE-85F1-87412EEF059D}.Debug|Any CPU.Build.0 = Debug|Any CPU
		{BB1AFC22-73FC-42DE-85F1-87412EEF059D}.Release|Any CPU.ActiveCfg = Release|Any CPU
		{BB1AFC22-73FC-42DE-85F1-87412EEF059D}.Release|Any CPU.Build.0 = Release|Any CPU
	EndGlobalSection
	GlobalSection(SolutionProperties) = preSolution
		HideSolutionNode = FALSE
	EndGlobalSection
	GlobalSection(ExtensibilityGlobals) = postSolution
		SolutionGuid = {01F2324D-CFD9-4ABB-903E-426C5D76795F}
	EndGlobalSection
EndGlobal
